<?xml version="1.0" encoding="utf-8"?>
<Project ToolsVersion="4.0" xmlns="http://schemas.microsoft.com/developer/msbuild/2003">
  <ItemGroup>
    <Filter Include="Source Files">
      <UniqueIdentifier>{4FC737F1-C7A5-4376-A066-2A32D752A2FF}</UniqueIdentifier>
      <Extensions>cpp;c;cc;cxx;c++;cppm;ixx;def;odl;idl;hpj;bat;asm;asmx</Extensions>
    </Filter>
    <Filter Include="Header Files">
      <UniqueIdentifier>{93995380-89BD-4b04-88EB-625FBE52EBFB}</UniqueIdentifier>
      <Extensions>h;hh;hpp;hxx;h++;hm;inl;inc;ipp;xsd</Extensions>
    </Filter>
    <Filter Include="Resource Files">
      <UniqueIdentifier>{67DA6AB6-F800-4c08-8B7A-83BB121AAD01}</UniqueIdentifier>
      <Extensions>rc;ico;cur;bmp;dlg;rc2;rct;bin;rgs;gif;jpg;jpeg;jpe;resx;tiff;tif;png;wav;mfcribbon-ms</Extensions>
    </Filter>
  </ItemGroup>
  <ItemGroup>
    <ClCompile Include="dllmain.cpp">
      <Filter>Source Files</Filter>
    </ClCompile>
    <ClCompile Include="Lunacy\CGeometry.cpp">
      <Filter>Source Files</Filter>
    </ClCompile>
    <ClCompile Include="Lunacy\Graphics.cpp">
      <Filter>Source Files</Filter>
    </ClCompile>
    <ClCompile Include="Lunacy\Image.cpp">
      <Filter>Source Files</Filter>
    </ClCompile>
    <ClCompile Include="Lunacy\LawnApp.cpp">
      <Filter>Source Files</Filter>
    </ClCompile>
    <ClCompile Include="Lunacy\PlantDefinition.cpp">
      <Filter>Source Files</Filter>
    </ClCompile>
    <ClCompile Include="Lunacy\ProjectileDefinition.cpp">
      <Filter>Source Files</Filter>
    </ClCompile>
    <ClCompile Include="Lunacy\Zombie.cpp">
      <Filter>Source Files</Filter>
    </ClCompile>
    <ClCompile Include="Lunacy\ZombieDefinition.cpp">
      <Filter>Source Files</Filter>
    </ClCompile>
    <ClCompile Include="Lunacy\Lawn.cpp">
      <Filter>Source Files</Filter>
    </ClCompile>
    <ClCompile Include="Lunacy\Plant.cpp">
      <Filter>Source Files</Filter>
    </ClCompile>
    <ClCompile Include="Functions.cpp">
      <Filter>Source Files</Filter>
    </ClCompile>
    <ClCompile Include="Lunacy\Reanimation.h">
      <Filter>Source Files</Filter>
    </ClCompile>
    <ClCompile Include="Lunacy\GameObject.cpp">
      <Filter>Source Files</Filter>
    </ClCompile>
    <ClCompile Include="Lunacy\GridItem.cpp">
      <Filter>Source Files</Filter>
    </ClCompile>
    <ClCompile Include="Lunacy\Pickup.cpp">
      <Filter>Source Files</Filter>
    </ClCompile>
    <ClCompile Include="Lunacy\Projectile.cpp">
      <Filter>Source Files</Filter>
    </ClCompile>
    <ClCompile Include="Lunacy\Reanimation.cpp">
      <Filter>Source Files</Filter>
    </ClCompile>
    <ClCompile Include="Lunacy\EffectSystem.cpp">
      <Filter>Source Files</Filter>
    </ClCompile>
  </ItemGroup>
  <ItemGroup>
    <ClInclude Include="Lunacy\MSD3D\MSD3D.h">
      <Filter>Header Files</Filter>
    </ClInclude>
    <ClInclude Include="Lunacy\Buffer.h">
      <Filter>Header Files</Filter>
    </ClInclude>
    <ClInclude Include="Lunacy\CGeometry.h">
      <Filter>Header Files</Filter>
    </ClInclude>
    <ClInclude Include="Lunacy\ConstEnums.h">
      <Filter>Header Files</Filter>
    </ClInclude>
    <ClInclude Include="Lunacy\DataArray.h">
      <Filter>Header Files</Filter>
    </ClInclude>
    <ClInclude Include="Lunacy\ExtendedUI.h">
      <Filter>Header Files</Filter>
    </ClInclude>
    <ClInclude Include="Lunacy\ForwardDefinitions.h">
      <Filter>Header Files</Filter>
    </ClInclude>
    <ClInclude Include="Lunacy\GameObject.h">
      <Filter>Header Files</Filter>
    </ClInclude>
    <ClInclude Include="Lunacy\Graphics.h">
      <Filter>Header Files</Filter>
    </ClInclude>
    <ClInclude Include="Lunacy\Image.h">
      <Filter>Header Files</Filter>
    </ClInclude>
    <ClInclude Include="Lunacy\Lawn.h">
      <Filter>Header Files</Filter>
    </ClInclude>
    <ClInclude Include="Lunacy\LawnApp.h">
      <Filter>Header Files</Filter>
    </ClInclude>
    <ClInclude Include="Lunacy\Listeners.h">
      <Filter>Header Files</Filter>
    </ClInclude>
    <ClInclude Include="Lunacy\Lunacy.hpp">
      <Filter>Header Files</Filter>
    </ClInclude>
    <ClInclude Include="Lunacy\Plant.h">
      <Filter>Header Files</Filter>
    </ClInclude>
    <ClInclude Include="Lunacy\PopStructs.h">
      <Filter>Header Files</Filter>
    </ClInclude>
    <ClInclude Include="Lunacy\Projectile.h">
      <Filter>Header Files</Filter>
    </ClInclude>
    <ClInclude Include="Lunacy\Rect.h">
      <Filter>Header Files</Filter>
    </ClInclude>
    <ClInclude Include="Lunacy\SexyApp.h">
      <Filter>Header Files</Filter>
    </ClInclude>
    <ClInclude Include="Lunacy\TodLib.h">
      <Filter>Header Files</Filter>
    </ClInclude>
    <ClInclude Include="Lunacy\UIElement.h">
      <Filter>Header Files</Filter>
    </ClInclude>
    <ClInclude Include="Lunacy\UIRoot.h">
      <Filter>Header Files</Filter>
    </ClInclude>
    <ClInclude Include="Lunacy\Vector2.h">
      <Filter>Header Files</Filter>
    </ClInclude>
    <ClInclude Include="Lunacy\Vector3.h">
      <Filter>Header Files</Filter>
    </ClInclude>
    <ClInclude Include="Lunacy\Zombie.h">
      <Filter>Header Files</Filter>
    </ClInclude>
    <ClInclude Include="Functions.h">
      <Filter>Header Files</Filter>
    </ClInclude>
    <ClInclude Include="Original.h">
      <Filter>Header Files</Filter>
    </ClInclude>
    <ClInclude Include="Lunacy\GridItem.h">
      <Filter>Header Files</Filter>
    </ClInclude>
    <ClInclude Include="Lunacy\Pickup.h">
      <Filter>Header Files</Filter>
    </ClInclude>
    <ClInclude Include="Lunacy\PottedPlant.h">
      <Filter>Header Files</Filter>
    </ClInclude>
    <ClInclude Include="Lunacy\Attachment.h">
      <Filter>Header Files</Filter>
    </ClInclude>
    <ClInclude Include="Lunacy\EffectSystem.h">
      <Filter>Header Files</Filter>
    </ClInclude>
    <ClInclude Include="Lunacy\Particle.h">
      <Filter>Header Files</Filter>
    </ClInclude>
    <ClInclude Include="Lunacy\Trail.h">
      <Filter>Header Files</Filter>
    </ClInclude>
  </ItemGroup>
</Project>